
Microsoft Visual Studio Solution File, Format Version 12.00
# Visual Studio Version 17
VisualStudioVersion = 17.3.32804.467
MinimumVisualStudioVersion = 10.0.40219.1
Project("{2150E333-8FDC-42A3-9474-1A3956D46DE8}") = "src", "src", "{77049161-5327-4A0B-868D-22E44816780D}"
EndProject
Project("{2150E333-8FDC-42A3-9474-1A3956D46DE8}") = "corePackages", "corePackages", "{C81E40B2-4540-461A-AB55-C3DD294F1E42}"
EndProject
Project("{2150E333-8FDC-42A3-9474-1A3956D46DE8}") = "Kodlama.io.Devs", "Kodlama.io.Devs", "{99BF6B5F-B0ED-466F-9D49-82D667A5713C}"
EndProject
Project("{FAE04EC0-301F-11D3-BF4B-00C04F79EFBC}") = "Core.Application", "src\corePackages\Core.Application\Core.Application.csproj", "{09FFCD65-2CAF-48E5-BD20-B89F77C6D49E}"
EndProject
Project("{FAE04EC0-301F-11D3-BF4B-00C04F79EFBC}") = "Core.ElasticSearch", "src\corePackages\Core.ElasticSearch\Core.ElasticSearch.csproj", "{EAA3DB77-AC0F-46D3-AF55-5A7A7165A84E}"
EndProject
Project("{FAE04EC0-301F-11D3-BF4B-00C04F79EFBC}") = "Core.Mailing", "src\corePackages\Core.Mailing\Core.Mailing.csproj", "{7E0B9D32-0A38-45B5-AACA-426A1477147F}"
EndProject
Project("{FAE04EC0-301F-11D3-BF4B-00C04F79EFBC}") = "Core.Persistence", "src\corePackages\Core.Persistence\Core.Persistence.csproj", "{871ED560-8F91-47D4-B909-F8424D6D4060}"
EndProject
Project("{FAE04EC0-301F-11D3-BF4B-00C04F79EFBC}") = "Core.Security", "src\corePackages\Core.Security\Core.Security.csproj", "{CD17B981-0826-4F21-BC95-4CB27AA45017}"
EndProject
Project("{FAE04EC0-301F-11D3-BF4B-00C04F79EFBC}") = "Domain", "src\Kodlama.io.Devs\Domain\Domain.csproj", "{AF195A23-8950-4DCA-B54F-67F83B8C00A4}"
EndProject
Project("{FAE04EC0-301F-11D3-BF4B-00C04F79EFBC}") = "Infrastructure", "src\Kodlama.io.Devs\Infrastructure\Infrastructure.csproj", "{9A145D92-D1B9-45D1-9C0A-F6A98426E535}"
EndProject
Project("{FAE04EC0-301F-11D3-BF4B-00C04F79EFBC}") = "Persistence", "src\Kodlama.io.Devs\Persistence\Persistence.csproj", "{853B5197-EA6E-4A95-9845-5170BF3D23EE}"
EndProject
Project("{FAE04EC0-301F-11D3-BF4B-00C04F79EFBC}") = "WebAPI", "src\Kodlama.io.Devs\WebAPI\WebAPI.csproj", "{A303AAFD-B700-4754-ABD5-46432765183A}"
EndProject
Project("{FAE04EC0-301F-11D3-BF4B-00C04F79EFBC}") = "Core.CrossCuttingConcers", "src\corePackages\Core.CrossCuttingConcers\Core.CrossCuttingConcers.csproj", "{25C4065F-098A-4DF1-9FC0-D459451EFE5A}"
EndProject
Project("{FAE04EC0-301F-11D3-BF4B-00C04F79EFBC}") = "Application", "src\Kodlama.io.Devs\Application\Application.csproj", "{3FA855C8-4652-4B43-996E-8C9681874E6C}"
EndProject
Global
	GlobalSection(SolutionConfigurationPlatforms) = preSolution
		Debug|Any CPU = Debug|Any CPU
		Release|Any CPU = Release|Any CPU
	EndGlobalSection
	GlobalSection(ProjectConfigurationPlatforms) = postSolution
		{09FFCD65-2CAF-48E5-BD20-B89F77C6D49E}.Debug|Any CPU.ActiveCfg = Debug|Any CPU
		{09FFCD65-2CAF-48E5-BD20-B89F77C6D49E}.Debug|Any CPU.Build.0 = Debug|Any CPU
		{09FFCD65-2CAF-48E5-BD20-B89F77C6D49E}.Release|Any CPU.ActiveCfg = Release|Any CPU
		{09FFCD65-2CAF-48E5-BD20-B89F77C6D49E}.Release|Any CPU.Build.0 = Release|Any CPU
		{EAA3DB77-AC0F-46D3-AF55-5A7A7165A84E}.Debug|Any CPU.ActiveCfg = Debug|Any CPU
		{EAA3DB77-AC0F-46D3-AF55-5A7A7165A84E}.Debug|Any CPU.Build.0 = Debug|Any CPU
		{EAA3DB77-AC0F-46D3-AF55-5A7A7165A84E}.Release|Any CPU.ActiveCfg = Release|Any CPU
		{EAA3DB77-AC0F-46D3-AF55-5A7A7165A84E}.Release|Any CPU.Build.0 = Release|Any CPU
		{7E0B9D32-0A38-45B5-AACA-426A1477147F}.Debug|Any CPU.ActiveCfg = Debug|Any CPU
		{7E0B9D32-0A38-45B5-AACA-426A1477147F}.Debug|Any CPU.Build.0 = Debug|Any CPU
		{7E0B9D32-0A38-45B5-AACA-426A1477147F}.Release|Any CPU.ActiveCfg = Release|Any CPU
		{7E0B9D32-0A38-45B5-AACA-426A1477147F}.Release|Any CPU.Build.0 = Release|Any CPU
		{871ED560-8F91-47D4-B909-F8424D6D4060}.Debug|Any CPU.ActiveCfg = Debug|Any CPU
		{871ED560-8F91-47D4-B909-F8424D6D4060}.Debug|Any CPU.Build.0 = Debug|Any CPU
		{871ED560-8F91-47D4-B909-F8424D6D4060}.Release|Any CPU.ActiveCfg = Release|Any CPU
		{871ED560-8F91-47D4-B909-F8424D6D4060}.Release|Any CPU.Build.0 = Release|Any CPU
		{CD17B981-0826-4F21-BC95-4CB27AA45017}.Debug|Any CPU.ActiveCfg = Debug|Any CPU
		{CD17B981-0826-4F21-BC95-4CB27AA45017}.Debug|Any CPU.Build.0 = Debug|Any CPU
		{CD17B981-0826-4F21-BC95-4CB27AA45017}.Release|Any CPU.ActiveCfg = Release|Any CPU
		{CD17B981-0826-4F21-BC95-4CB27AA45017}.Release|Any CPU.Build.0 = Release|Any CPU
		{AF195A23-8950-4DCA-B54F-67F83B8C00A4}.Debug|Any CPU.ActiveCfg = Debug|Any CPU
		{AF195A23-8950-4DCA-B54F-67F83B8C00A4}.Debug|Any CPU.Build.0 = Debug|Any CPU
		{AF195A23-8950-4DCA-B54F-67F83B8C00A4}.Release|Any CPU.ActiveCfg = Release|Any CPU
		{AF195A23-8950-4DCA-B54F-67F83B8C00A4}.Release|Any CPU.Build.0 = Release|Any CPU
		{9A145D92-D1B9-45D1-9C0A-F6A98426E535}.Debug|Any CPU.ActiveCfg = Debug|Any CPU
		{9A145D92-D1B9-45D1-9C0A-F6A98426E535}.Debug|Any CPU.Build.0 = Debug|Any CPU
		{9A145D92-D1B9-45D1-9C0A-F6A98426E535}.Release|Any CPU.ActiveCfg = Release|Any CPU
		{9A145D92-D1B9-45D1-9C0A-F6A98426E535}.Release|Any CPU.Build.0 = Release|Any CPU
		{853B5197-EA6E-4A95-9845-5170BF3D23EE}.Debug|Any CPU.ActiveCfg = Debug|Any CPU
		{853B5197-EA6E-4A95-9845-5170BF3D23EE}.Debug|Any CPU.Build.0 = Debug|Any CPU
		{853B5197-EA6E-4A95-9845-5170BF3D23EE}.Release|Any CPU.ActiveCfg = Release|Any CPU
		{853B5197-EA6E-4A95-9845-5170BF3D23EE}.Release|Any CPU.Build.0 = Release|Any CPU
		{A303AAFD-B700-4754-ABD5-46432765183A}.Debug|Any CPU.ActiveCfg = Debug|Any CPU
		{A303AAFD-B700-4754-ABD5-46432765183A}.Debug|Any CPU.Build.0 = Debug|Any CPU
		{A303AAFD-B700-4754-ABD5-46432765183A}.Release|Any CPU.ActiveCfg = Release|Any CPU
		{A303AAFD-B700-4754-ABD5-46432765183A}.Release|Any CPU.Build.0 = Release|Any CPU
		{25C4065F-098A-4DF1-9FC0-D459451EFE5A}.Debug|Any CPU.ActiveCfg = Debug|Any CPU
		{25C4065F-098A-4DF1-9FC0-D459451EFE5A}.Debug|Any CPU.Build.0 = Debug|Any CPU
		{25C4065F-098A-4DF1-9FC0-D459451EFE5A}.Release|Any CPU.ActiveCfg = Release|Any CPU
		{25C4065F-098A-4DF1-9FC0-D459451EFE5A}.Release|Any CPU.Build.0 = Release|Any CPU
		{3FA855C8-4652-4B43-996E-8C9681874E6C}.Debug|Any CPU.ActiveCfg = Debug|Any CPU
		{3FA855C8-4652-4B43-996E-8C9681874E6C}.Debug|Any CPU.Build.0 = Debug|Any CPU
		{3FA855C8-4652-4B43-996E-8C9681874E6C}.Release|Any CPU.ActiveCfg = Release|Any CPU
		{3FA855C8-4652-4B43-996E-8C9681874E6C}.Release|Any CPU.Build.0 = Release|Any CPU
	EndGlobalSection
	GlobalSection(SolutionProperties) = preSolution
		HideSolutionNode = FALSE
	EndGlobalSection
	GlobalSection(NestedProjects) = preSolution
		{C81E40B2-4540-461A-AB55-C3DD294F1E42} = {77049161-5327-4A0B-868D-22E44816780D}
		{99BF6B5F-B0ED-466F-9D49-82D667A5713C} = {77049161-5327-4A0B-868D-22E44816780D}
		{09FFCD65-2CAF-48E5-BD20-B89F77C6D49E} = {C81E40B2-4540-461A-AB55-C3DD294F1E42}
		{EAA3DB77-AC0F-46D3-AF55-5A7A7165A84E} = {C81E40B2-4540-461A-AB55-C3DD294F1E42}
		{7E0B9D32-0A38-45B5-AACA-426A1477147F} = {C81E40B2-4540-461A-AB55-C3DD294F1E42}
		{871ED560-8F91-47D4-B909-F8424D6D4060} = {C81E40B2-4540-461A-AB55-C3DD294F1E42}
		{CD17B981-0826-4F21-BC95-4CB27AA45017} = {C81E40B2-4540-461A-AB55-C3DD294F1E42}
		{AF195A23-8950-4DCA-B54F-67F83B8C00A4} = {99BF6B5F-B0ED-466F-9D49-82D667A5713C}
		{9A145D92-D1B9-45D1-9C0A-F6A98426E535} = {99BF6B5F-B0ED-466F-9D49-82D667A5713C}
		{853B5197-EA6E-4A95-9845-5170BF3D23EE} = {99BF6B5F-B0ED-466F-9D49-82D667A5713C}
		{A303AAFD-B700-4754-ABD5-46432765183A} = {99BF6B5F-B0ED-466F-9D49-82D667A5713C}
		{25C4065F-098A-4DF1-9FC0-D459451EFE5A} = {C81E40B2-4540-461A-AB55-C3DD294F1E42}
		{3FA855C8-4652-4B43-996E-8C9681874E6C} = {99BF6B5F-B0ED-466F-9D49-82D667A5713C}
	EndGlobalSection
	GlobalSection(ExtensibilityGlobals) = postSolution
		SolutionGuid = {7FB59F97-BB2C-4DE4-B63C-321032BCC4DF}
	EndGlobalSection
EndGlobal
